// !$*UTF8*$!
{
	archiveVersion = 1;
	classes = {
	};
	objectVersion = 110;
	objects = {

/* Begin PBXBuildFile section */
		4DB5C85730597D2B0051179F /* AppDelegate.swift in Sources */ = {isa = PBXBuildFile; fileRef = 4DB5C85630597D2B0051179F /* AppDelegate.swift */; };
		4DB5C85B30597D2B0051179F /* Main.html in Resources */ = {isa = PBXBuildFile; fileRef = 4DB5C85930597D2B0051179F /* Main.html */; };
		4DB5C85D30597D2B0051179F /* Icon.png in Resources */ = {isa = PBXBuildFile; fileRef = 4DB5C85C30597D2B0051179F /* Icon.png */; };
		4DB5C85F30597D2B0051179F /* Style.css in Resources */ = {isa = PBXBuildFile; fileRef = 4DB5C85E30597D2B0051179F /* Style.css */; };
		4DB5C86130597D2B0051179F /* Script.js in Resources */ = {isa = PBXBuildFile; fileRef = 4DB5C86030597D2B0051179F /* Script.js */; };
		4DB5C86330597D2B0051179F /* ViewController.swift in Sources */ = {isa = PBXBuildFile; fileRef = 4DB5C86230597D2B0051179F /* ViewController.swift */; };
		4DB5C86630597D2B0051179F /* Main.storyboard in Resources */ = {isa = PBXBuildFile; fileRef = 4DB5C86430597D2B0051179F /* Main.storyboard */; };
		4DB5C86830597D2C0051179F /* Assets.xcassets in Resources */ = {isa = PBXBuildFile; fileRef = 4DB5C86730597D2C0051179F /* Assets.xcassets */; };
		4DB5C86F30597D2C0051179F /* Angry Study Helper Extension.appex in Embed Foundation Extensions */ = {isa = PBXBuildFile; fileRef = 4DB5C86E30597D2C0051179F /* Angry Study Helper Extension.appex */; settings = {ATTRIBUTES = (RemoveHeadersOnCopy, ); }; };
		4DB5C87430597D2C0051179F /* SafariWebExtensionHandler.swift in Sources */ = {isa = PBXBuildFile; fileRef = 4DB5C87330597D2C0051179F /* SafariWebExtensionHandler.swift */; };
		4DB5C88930597D2C0051179F /* background in Resources */ = {isa = PBXBuildFile; fileRef = 4DB5C88030597D2C0051179F /* background */; };
		4DB5C88A30597D2C0051179F /* settings in Resources */ = {isa = PBXBuildFile; fileRef = 4DB5C88130597D2C0051179F /* settings */; };
		4DB5C88B30597D2C0051179F /* intervention in Resources */ = {isa = PBXBuildFile; fileRef = 4DB5C88230597D2C0051179F /* intervention */; };
		4DB5C88C30597D2C0051179F /* popup in Resources */ = {isa = PBXBuildFile; fileRef = 4DB5C88330597D2C0051179F /* popup */; };
		4DB5C88D30597D2C0051179F /* shared in Resources */ = {isa = PBXBuildFile; fileRef = 4DB5C88430597D2C0051179F /* shared */; };
		4DB5C88E30597D2C0051179F /* browser in Resources */ = {isa = PBXBuildFile; fileRef = 4DB5C88530597D2C0051179F /* browser */; };
		4DB5C88F30597D2C0051179F /* audio in Resources */ = {isa = PBXBuildFile; fileRef = 4DB5C88630597D2C0051179F /* audio */; };
		4DB5C89030597D2C0051179F /* icons in Resources */ = {isa = PBXBuildFile; fileRef = 4DB5C88730597D2C0051179F /* icons */; };
		4DB5C89130597D2C0051179F /* manifest.json in Resources */ = {isa = PBXBuildFile; fileRef = 4DB5C88830597D2C0051179F /* manifest.json */; };
/* End PBXBuildFile section */

/* Begin PBXContainerItemProxy section */
		4DB5C87030597D2C0051179F /* PBXContainerItemProxy */ = {
			isa = PBXContainerItemProxy;
			containerPortal = 4DB5C84B30597D2A0051179F /* Project object */;
			proxyType = 1;
			remoteGlobalIDString = 4DB5C86D30597D2C0051179F;
			remoteInfo = "Angry Study Helper Extension";
		};
/* End PBXContainerItemProxy section */

/* Begin PBXCopyFilesBuildPhase section */
		4DB5C87B30597D2C0051179F /* Embed Foundation Extensions */ = {
			isa = PBXCopyFilesBuildPhase;
			dstPath = "";
			dstSubfolder = PlugIns;
			files = (
				4DB5C86F30597D2C0051179F /* Angry Study Helper Extension.appex in Embed Foundation Extensions */,
			);
			name = "Embed Foundation Extensions";
		};
/* End PBXCopyFilesBuildPhase section */

/* Begin PBXFileReference section */
		4DB5C85330597D2B0051179F /* Angry Study Helper.app */ = {isa = PBXFileReference; explicitFileType = wrapper.application; includeInIndex = 0; path = "Angry Study Helper.app"; sourceTree = BUILT_PRODUCTS_DIR; };
		4DB5C85630597D2B0051179F /* AppDelegate.swift */ = {isa = PBXFileReference; lastKnownFileType = sourcecode.swift; path = AppDelegate.swift; sourceTree = "<group>"; };
		4DB5C85A30597D2B0051179F /* Base */ = {isa = PBXFileReference; lastKnownFileType = text.html; name = Base; path = Base.lproj/Main.html; sourceTree = "<group>"; };
		4DB5C85C30597D2B0051179F /* Icon.png */ = {isa = PBXFileReference; lastKnownFileType = image.png; path = Icon.png; sourceTree = "<group>"; };
		4DB5C85E30597D2B0051179F /* Style.css */ = {isa = PBXFileReference; lastKnownFileType = text.css; path = Style.css; sourceTree = "<group>"; };
		4DB5C86030597D2B0051179F /* Script.js */ = {isa = PBXFileReference; lastKnownFileType = sourcecode.javascript; path = Script.js; sourceTree = "<group>"; };
		4DB5C86230597D2B0051179F /* ViewController.swift */ = {isa = PBXFileReference; lastKnownFileType = sourcecode.swift; path = ViewController.swift; sourceTree = "<group>"; };
		4DB5C86530597D2B0051179F /* Base */ = {isa = PBXFileReference; lastKnownFileType = file.storyboard; name = Base; path = Base.lproj/Main.storyboard; sourceTree = "<group>"; };
		4DB5C86730597D2C0051179F /* Assets.xcassets */ = {isa = PBXFileReference; lastKnownFileType = folder.assetcatalog; path = Assets.xcassets; sourceTree = "<group>"; };
		4DB5C86930597D2C0051179F /* Info.plist */ = {isa = PBXFileReference; lastKnownFileType = text.plist.xml; path = Info.plist; sourceTree = "<group>"; };
		4DB5C86E30597D2C0051179F /* Angry Study Helper Extension.appex */ = {isa = PBXFileReference; explicitFileType = "wrapper.app-extension"; includeInIndex = 0; path = "Angry Study Helper Extension.appex"; sourceTree = BUILT_PRODUCTS_DIR; };
		4DB5C87330597D2C0051179F /* SafariWebExtensionHandler.swift */ = {isa = PBXFileReference; lastKnownFileType = sourcecode.swift; path = SafariWebExtensionHandler.swift; sourceTree = "<group>"; };
		4DB5C87530597D2C0051179F /* Info.plist */ = {isa = PBXFileReference; lastKnownFileType = text.plist.xml; path = Info.plist; sourceTree = "<group>"; };
		4DB5C88030597D2C0051179F /* background */ = {isa = PBXFileReference; lastKnownFileType = folder; name = background; path = Resources/background; sourceTree = "<group>"; };
		4DB5C88130597D2C0051179F /* settings */ = {isa = PBXFileReference; lastKnownFileType = folder; name = settings; path = Resources/settings; sourceTree = "<group>"; };
		4DB5C88230597D2C0051179F /* intervention */ = {isa = PBXFileReference; lastKnownFileType = folder; name = intervention; path = Resources/intervention; sourceTree = "<group>"; };
		4DB5C88330597D2C0051179F /* popup */ = {isa = PBXFileReference; lastKnownFileType = folder; name = popup; path = Resources/popup; sourceTree = "<group>"; };
		4DB5C88430597D2C0051179F /* shared */ = {isa = PBXFileReference; lastKnownFileType = folder; name = shared; path = Resources/shared; sourceTree = "<group>"; };
		4DB5C88530597D2C0051179F /* browser */ = {isa = PBXFileReference; lastKnownFileType = folder; name = browser; path = Resources/browser; sourceTree = "<group>"; };
		4DB5C88630597D2C0051179F /* audio */ = {isa = PBXFileReference; lastKnownFileType = folder; name = audio; path = Resources/audio; sourceTree = "<group>"; };
		4DB5C88730597D2C0051179F /* icons */ = {isa = PBXFileReference; lastKnownFileType = folder; name = icons; path = Resources/icons; sourceTree = "<group>"; };
		4DB5C88830597D2C0051179F /* manifest.json */ = {isa = PBXFileReference; lastKnownFileType = text.json; name = manifest.json; path = Resources/manifest.json; sourceTree = "<group>"; };
/* End PBXFileReference section */

/* Begin PBXFrameworksBuildPhase section */
		4DB5C85030597D2B0051179F /* Frameworks */ = {
			isa = PBXFrameworksBuildPhase;
			files = (
			);
		};
		4DB5C86B30597D2C0051179F /* Frameworks */ = {
			isa = PBXFrameworksBuildPhase;
			files = (
			);
		};
/* End PBXFrameworksBuildPhase section */

/* Begin PBXGroup section */
		4DB5C84A30597D2A0051179F = {
			isa = PBXGroup;
			children = (
				4DB5C85530597D2B0051179F /* Angry Study Helper */,
				4DB5C87230597D2C0051179F /* Angry Study Helper Extension */,
				4DB5C85430597D2B0051179F /* Products */,
			);
			sourceTree = "<group>";
		};
		4DB5C85430597D2B0051179F /* Products */ = {
			isa = PBXGroup;
			children = (
				4DB5C85330597D2B0051179F /* Angry Study Helper.app */,
				4DB5C86E30597D2C0051179F /* Angry Study Helper Extension.appex */,
			);
			name = Products;
			sourceTree = "<group>";
		};
		4DB5C85530597D2B0051179F /* Angry Study Helper */ = {
			isa = PBXGroup;
			children = (
				4DB5C85630597D2B0051179F /* AppDelegate.swift */,
				4DB5C86230597D2B0051179F /* ViewController.swift */,
				4DB5C86430597D2B0051179F /* Main.storyboard */,
				4DB5C86730597D2C0051179F /* Assets.xcassets */,
				4DB5C86930597D2C0051179F /* Info.plist */,
				4DB5C85830597D2B0051179F /* Resources */,
			);
			path = "Angry Study Helper";
			sourceTree = "<group>";
		};
		4DB5C85830597D2B0051179F /* Resources */ = {
			isa = PBXGroup;
			children = (
				4DB5C85930597D2B0051179F /* Main.html */,
				4DB5C85C30597D2B0051179F /* Icon.png */,
				4DB5C85E30597D2B0051179F /* Style.css */,
				4DB5C86030597D2B0051179F /* Script.js */,
			);
			path = Resources;
			sourceTree = "<group>";
		};
		4DB5C87230597D2C0051179F /* Angry Study Helper Extension */ = {
			isa = PBXGroup;
			children = (
				4DB5C87F30597D2C0051179F /* Resources */,
				4DB5C87330597D2C0051179F /* SafariWebExtensionHandler.swift */,
				4DB5C87530597D2C0051179F /* Info.plist */,
			);
			path = "Angry Study Helper Extension";
			sourceTree = "<group>";
		};
		4DB5C87F30597D2C0051179F /* Resources */ = {
			isa = PBXGroup;
			children = (
				4DB5C88030597D2C0051179F /* background */,
				4DB5C88130597D2C0051179F /* settings */,
				4DB5C88230597D2C0051179F /* intervention */,
				4DB5C88330597D2C0051179F /* popup */,
				4DB5C88430597D2C0051179F /* shared */,
				4DB5C88530597D2C0051179F /* browser */,
				4DB5C88630597D2C0051179F /* audio */,
				4DB5C88730597D2C0051179F /* icons */,
				4DB5C88830597D2C0051179F /* manifest.json */,
			);
			name = Resources;
			path = "Angry Study Helper Extension";
			sourceTree = SOURCE_ROOT;
		};
/* End PBXGroup section */

/* Begin PBXNativeTarget section */
		4DB5C85230597D2B0051179F /* Angry Study Helper */ = {
			isa = PBXNativeTarget;
			buildConfigurationList = 4DB5C87C30597D2C0051179F /* Build configuration list for PBXNativeTarget "Angry Study Helper" */;
			buildPhases = (
				4DB5C84F30597D2B0051179F /* Sources */,
				4DB5C85030597D2B0051179F /* Frameworks */,
				4DB5C85130597D2B0051179F /* Resources */,
				4DB5C87B30597D2C0051179F /* Embed Foundation Extensions */,
			);
			buildRules = (
			);
			dependencies = (
				4DB5C87130597D2C0051179F /* PBXTargetDependency */,
			);
			name = "Angry Study Helper";
			productName = "Angry Study Helper";
			productReference = 4DB5C85330597D2B0051179F /* Angry Study Helper.app */;
			productType = "com.apple.product-type.application";
		};
		4DB5C86D30597D2C0051179F /* Angry Study Helper Extension */ = {
			isa = PBXNativeTarget;
			buildConfigurationList = 4DB5C87830597D2C0051179F /* Build configuration list for PBXNativeTarget "Angry Study Helper Extension" */;
			buildPhases = (
				4DB5C86A30597D2C0051179F /* Sources */,
				4DB5C86B30597D2C0051179F /* Frameworks */,
				4DB5C86C30597D2C0051179F /* Resources */,
			);
			buildRules = (
			);
			name = "Angry Study Helper Extension";
			productName = "Angry Study Helper Extension";
			productReference = 4DB5C86E30597D2C0051179F /* Angry Study Helper Extension.appex */;
			productType = "com.apple.product-type.app-extension";
		};
/* End PBXNativeTarget section */

/* Begin PBXProject section */
		4DB5C84B30597D2A0051179F /* Project object */ = {
			isa = PBXProject;
			attributes = {
				BuildIndependentTargetsInParallel = 1;
				LastSwiftUpdateCheck = 2700;
				LastUpgradeCheck = 2700;
				TargetAttributes = {
					4DB5C85230597D2B0051179F = {
						CreatedOnToolsVersion = 27.0;
					};
					4DB5C86D30597D2C0051179F = {
						CreatedOnToolsVersion = 27.0;
					};
				};
			};
			buildConfigurationList = 4DB5C84E30597D2A0051179F /* Build configuration list for PBXProject "Angry Study Helper" */;
			developmentRegion = en;
			hasScannedForEncodings = 0;
			knownRegions = (
				en,
				Base,
			);
			mainGroup = 4DB5C84A30597D2A0051179F;
			minimizedProjectReferenceProxies = 1;
			preferredProjectObjectVersion = 77;
			productRefGroup = 4DB5C85430597D2B0051179F /* Products */;
			projectDirPath = "";
			projectRoot = "";
			targets = (
				4DB5C85230597D2B0051179F /* Angry Study Helper */,
				4DB5C86D30597D2C0051179F /* Angry Study Helper Extension */,
			);
		};
/* End PBXProject section */

/* Begin PBXResourcesBuildPhase section */
		4DB5C85130597D2B0051179F /* Resources */ = {
			isa = PBXResourcesBuildPhase;
			files = (
				4DB5C85D30597D2B0051179F /* Icon.png in Resources */,
				4DB5C86630597D2B0051179F /* Main.storyboard in Resources */,
				4DB5C86130597D2B0051179F /* Script.js in Resources */,
				4DB5C85B30597D2B0051179F /* Main.html in Resources */,
				4DB5C86830597D2C0051179F /* Assets.xcassets in Resources */,
				4DB5C85F30597D2B0051179F /* Style.css in Resources */,
			);
		};
		4DB5C86C30597D2C0051179F /* Resources */ = {
			isa = PBXResourcesBuildPhase;
			files = (
				4DB5C88D30597D2C0051179F /* shared in Resources */,
				4DB5C89030597D2C0051179F /* icons in Resources */,
				4DB5C88930597D2C0051179F /* background in Resources */,
				4DB5C88F30597D2C0051179F /* audio in Resources */,
				4DB5C89130597D2C0051179F /* manifest.json in Resources */,
				4DB5C88C30597D2C0051179F /* popup in Resources */,
				4DB5C88E30597D2C0051179F /* browser in Resources */,
				4DB5C88A30597D2C0051179F /* settings in Resources */,
				4DB5C88B30597D2C0051179F /* intervention in Resources */,
			);
		};
/* End PBXResourcesBuildPhase section */

/* Begin PBXSourcesBuildPhase section */
		4DB5C84F30597D2B0051179F /* Sources */ = {
			isa = PBXSourcesBuildPhase;
			files = (
				4DB5C86330597D2B0051179F /* ViewController.swift in Sources */,
				4DB5C85730597D2B0051179F /* AppDelegate.swift in Sources */,
			);
		};
		4DB5C86A30597D2C0051179F /* Sources */ = {
			isa = PBXSourcesBuildPhase;
			files = (
				4DB5C87430597D2C0051179F /* SafariWebExtensionHandler.swift in Sources */,
			);
		};
/* End PBXSourcesBuildPhase section */

/* Begin PBXTargetDependency section */
		4DB5C87130597D2C0051179F /* PBXTargetDependency */ = {
			isa = PBXTargetDependency;
			target = 4DB5C86D30597D2C0051179F /* Angry Study Helper Extension */;
			targetProxy = 4DB5C87030597D2C0051179F /* PBXContainerItemProxy */;
		};
/* End PBXTargetDependency section */

/* Begin PBXVariantGroup section */
		4DB5C85930597D2B0051179F /* Main.html */ = {
			isa = PBXVariantGroup;
			children = (
				4DB5C85A30597D2B0051179F /* Base */,
			);
			name = Main.html;
			sourceTree = "<group>";
		};
		4DB5C86430597D2B0051179F /* Main.storyboard */ = {
			isa = PBXVariantGroup;
			children = (
				4DB5C86530597D2B0051179F /* Base */,
			);
			name = Main.storyboard;
			sourceTree = "<group>";
		};
/* End PBXVariantGroup section */

/* Begin XCBuildConfiguration section */
		4DB5C87630597D2C0051179F /* Debug configuration for PBXProject "Angry Study Helper" */ = {
			isa = XCBuildConfiguration;
			buildSettings = {
				ALWAYS_SEARCH_USER_PATHS = NO;
				ASSETCATALOG_COMPILER_GENERATE_SWIFT_ASSET_SYMBOL_EXTENSIONS = YES;
				CLANG_ANALYZER_NONNULL = YES;
				CLANG_ANALYZER_NUMBER_OBJECT_CONVERSION = YES_AGGRESSIVE;
				CLANG_CXX_LANGUAGE_STANDARD = "gnu++20";
				CLANG_ENABLE_MODULES = YES;
				CLANG_ENABLE_OBJC_ARC = YES;
				CLANG_ENABLE_OBJC_WEAK = YES;
				CLANG_WARN_BLOCK_CAPTURE_AUTORELEASING = YES;
				CLANG_WARN_BOOL_CONVERSION = YES;
				CLANG_WARN_COMMA = YES;
				CLANG_WARN_CONSTANT_CONVERSION = YES;
				CLANG_WARN_DEPRECATED_OBJC_IMPLEMENTATIONS = YES;
				CLANG_WARN_DIRECT_OBJC_ISA_USAGE = YES_ERROR;
				CLANG_WARN_DOCUMENTATION_COMMENTS = YES;
				CLANG_WARN_EMPTY_BODY = YES;
				CLANG_WARN_ENUM_CONVERSION = YES;
				CLANG_WARN_INFINITE_RECURSION = YES;
				CLANG_WARN_INT_CONVERSION = YES;
				CLANG_WARN_NON_LITERAL_NULL_CONVERSION = YES;
				CLANG_WARN_OBJC_IMPLICIT_RETAIN_SELF = YES;
				CLANG_WARN_OBJC_LITERAL_CONVERSION = YES;
				CLANG_WARN_OBJC_ROOT_CLASS = YES_ERROR;
				CLANG_WARN_QUOTED_INCLUDE_IN_FRAMEWORK_HEADER = YES;
				CLANG_WARN_RANGE_LOOP_ANALYSIS = YES;
				CLANG_WARN_STRICT_PROTOTYPES = YES;
				CLANG_WARN_SUSPICIOUS_MOVE = YES;
				CLANG_WARN_UNGUARDED_AVAILABILITY = YES_AGGRESSIVE;
				CLANG_WARN_UNREACHABLE_CODE = YES;
				CLANG_WARN__DUPLICATE_METHOD_MATCH = YES;
				COPY_PHASE_STRIP = NO;
				DEBUG_INFORMATION_FORMAT = dwarf;
				ENABLE_STRICT_OBJC_MSGSEND = YES;
				ENABLE_TESTABILITY = YES;
				ENABLE_USER_SCRIPT_SANDBOXING = YES;
				GCC_C_LANGUAGE_STANDARD = gnu17;
				GCC_DYNAMIC_NO_PIC = NO;
				GCC_NO_COMMON_BLOCKS = YES;
				GCC_OPTIMIZATION_LEVEL = 0;
				GCC_PREPROCESSOR_DEFINITIONS = (
					"DEBUG=1",
					"$(inherited)",
				);
				GCC_WARN_64_TO_32_BIT_CONVERSION = YES;
				GCC_WARN_ABOUT_RETURN_TYPE = YES_ERROR;
				GCC_WARN_UNDECLARED_SELECTOR = YES;
				GCC_WARN_UNINITIALIZED_AUTOS = YES_AGGRESSIVE;
				GCC_WARN_UNUSED_FUNCTION = YES;
				GCC_WARN_UNUSED_VARIABLE = YES;
				LOCALIZATION_PREFERS_STRING_CATALOGS = YES;
				MACOSX_DEPLOYMENT_TARGET = 26.6;
				MTL_ENABLE_DEBUG_INFO = INCLUDE_SOURCE;
				MTL_FAST_MATH = YES;
				ONLY_ACTIVE_ARCH = YES;
				SDKROOT = macosx;
				SWIFT_ACTIVE_COMPILATION_CONDITIONS = "DEBUG $(inherited)";
				SWIFT_OPTIMIZATION_LEVEL = "-Onone";
			};
			name = Debug;
		};
		4DB5C87730597D2C0051179F /* Release configuration for PBXProject "Angry Study Helper" */ = {
			isa = XCBuildConfiguration;
			buildSettings = {
				ALWAYS_SEARCH_USER_PATHS = NO;
				ASSETCATALOG_COMPILER_GENERATE_SWIFT_ASSET_SYMBOL_EXTENSIONS = YES;
				CLANG_ANALYZER_NONNULL = YES;
				CLANG_ANALYZER_NUMBER_OBJECT_CONVERSION = YES_AGGRESSIVE;
				CLANG_CXX_LANGUAGE_STANDARD = "gnu++20";
				CLANG_ENABLE_MODULES = YES;
				CLANG_ENABLE_OBJC_ARC = YES;
				CLANG_ENABLE_OBJC_WEAK = YES;
				CLANG_WARN_BLOCK_CAPTURE_AUTORELEASING = YES;
				CLANG_WARN_BOOL_CONVERSION = YES;
				CLANG_WARN_COMMA = YES;
				CLANG_WARN_CONSTANT_CONVERSION = YES;
				CLANG_WARN_DEPRECATED_OBJC_IMPLEMENTATIONS = YES;
				CLANG_WARN_DIRECT_OBJC_ISA_USAGE = YES_ERROR;
				CLANG_WARN_DOCUMENTATION_COMMENTS = YES;
				CLANG_WARN_EMPTY_BODY = YES;
				CLANG_WARN_ENUM_CONVERSION = YES;
				CLANG_WARN_INFINITE_RECURSION = YES;
				CLANG_WARN_INT_CONVERSION = YES;
				CLANG_WARN_NON_LITERAL_NULL_CONVERSION = YES;
				CLANG_WARN_OBJC_IMPLICIT_RETAIN_SELF = YES;
				CLANG_WARN_OBJC_LITERAL_CONVERSION = YES;
				CLANG_WARN_OBJC_ROOT_CLASS = YES_ERROR;
				CLANG_WARN_QUOTED_INCLUDE_IN_FRAMEWORK_HEADER = YES;
				CLANG_WARN_RANGE_LOOP_ANALYSIS = YES;
				CLANG_WARN_STRICT_PROTOTYPES = YES;
				CLANG_WARN_SUSPICIOUS_MOVE = YES;
				CLANG_WARN_UNGUARDED_AVAILABILITY = YES_AGGRESSIVE;
				CLANG_WARN_UNREACHABLE_CODE = YES;
				CLANG_WARN__DUPLICATE_METHOD_MATCH = YES;
				COPY_PHASE_STRIP = NO;
				DEBUG_INFORMATION_FORMAT = "dwarf-with-dsym";
				ENABLE_NS_ASSERTIONS = NO;
				ENABLE_STRICT_OBJC_MSGSEND = YES;
				ENABLE_USER_SCRIPT_SANDBOXING = YES;
				GCC_C_LANGUAGE_STANDARD = gnu17;
				GCC_NO_COMMON_BLOCKS = YES;
				GCC_WARN_64_TO_32_BIT_CONVERSION = YES;
				GCC_WARN_ABOUT_RETURN_TYPE = YES_ERROR;
				GCC_WARN_UNDECLARED_SELECTOR = YES;
				GCC_WARN_UNINITIALIZED_AUTOS = YES_AGGRESSIVE;
				GCC_WARN_UNUSED_FUNCTION = YES;
				GCC_WARN_UNUSED_VARIABLE = YES;
				LOCALIZATION_PREFERS_STRING_CATALOGS = YES;
				MACOSX_DEPLOYMENT_TARGET = 26.6;
				MTL_ENABLE_DEBUG_INFO = NO;
				MTL_FAST_MATH = YES;
				SDKROOT = macosx;
				SWIFT_COMPILATION_MODE = wholemodule;
			};
			name = Release;
		};
		4DB5C87930597D2C0051179F /* Debug configuration for PBXNativeTarget "Angry Study Helper Extension" */ = {
			isa = XCBuildConfiguration;
			buildSettings = {
				CODE_SIGN_STYLE = Automatic;
				CURRENT_PROJECT_VERSION = 1;
				ENABLE_APP_SANDBOX = YES;
				ENABLE_HARDENED_RUNTIME = YES;
				ENABLE_USER_SELECTED_FILES = readonly;
				GENERATE_INFOPLIST_FILE = YES;
				INFOPLIST_FILE = "Angry Study Helper Extension/Info.plist";
				INFOPLIST_KEY_CFBundleDisplayName = "Angry Study Helper Extension";
				INFOPLIST_KEY_NSHumanReadableCopyright = "";
				LD_RUNPATH_SEARCH_PATHS = (
					"$(inherited)",
					"@executable_path/../Frameworks",
					"@executable_path/../../../../Frameworks",
				);
				MACOSX_DEPLOYMENT_TARGET = 12.0;
				MARKETING_VERSION = 1.0;
				OTHER_LDFLAGS = (
					"-framework",
					SafariServices,
				);
				PRODUCT_BUNDLE_IDENTIFIER = com.angrystudyhelper.safari.Extension;
				PRODUCT_NAME = "$(TARGET_NAME)";
				SKIP_INSTALL = YES;
				STRING_CATALOG_GENERATE_SYMBOLS = YES;
				SWIFT_APPROACHABLE_CONCURRENCY = YES;
				SWIFT_EMIT_LOC_STRINGS = YES;
				SWIFT_UPCOMING_FEATURE_MEMBER_IMPORT_VISIBILITY = YES;
				SWIFT_VERSION = 5.0;
			};
			name = Debug;
		};
		4DB5C87A30597D2C0051179F /* Release configuration for PBXNativeTarget "Angry Study Helper Extension" */ = {
			isa = XCBuildConfiguration;
			buildSettings = {
				CODE_SIGN_STYLE = Automatic;
				CURRENT_PROJECT_VERSION = 1;
				ENABLE_APP_SANDBOX = YES;
				ENABLE_HARDENED_RUNTIME = YES;
				ENABLE_USER_SELECTED_FILES = readonly;
				GENERATE_INFOPLIST_FILE = YES;
				INFOPLIST_FILE = "Angry Study Helper Extension/Info.plist";
				INFOPLIST_KEY_CFBundleDisplayName = "Angry Study Helper Extension";
				INFOPLIST_KEY_NSHumanReadableCopyright = "";
				LD_RUNPATH_SEARCH_PATHS = (
					"$(inherited)",
					"@executable_path/../Frameworks",
					"@executable_path/../../../../Frameworks",
				);
				MACOSX_DEPLOYMENT_TARGET = 12.0;
				MARKETING_VERSION = 1.0;
				OTHER_LDFLAGS = (
					"-framework",
					SafariServices,
				);
				PRODUCT_BUNDLE_IDENTIFIER = com.angrystudyhelper.safari.Extension;
				PRODUCT_NAME = "$(TARGET_NAME)";
				SKIP_INSTALL = YES;
				STRING_CATALOG_GENERATE_SYMBOLS = YES;
				SWIFT_APPROACHABLE_CONCURRENCY = YES;
				SWIFT_EMIT_LOC_STRINGS = YES;
				SWIFT_UPCOMING_FEATURE_MEMBER_IMPORT_VISIBILITY = YES;
				SWIFT_VERSION = 5.0;
			};
			name = Release;
		};
		4DB5C87D30597D2C0051179F /* Debug configuration for PBXNativeTarget "Angry Study Helper" */ = {
			isa = XCBuildConfiguration;
			buildSettings = {
				ASSETCATALOG_COMPILER_APPICON_NAME = AppIcon;
				ASSETCATALOG_COMPILER_GLOBAL_ACCENT_COLOR_NAME = AccentColor;
				CODE_SIGN_STYLE = Automatic;
				COMBINE_HIDPI_IMAGES = YES;
				CURRENT_PROJECT_VERSION = 1;
				ENABLE_APP_SANDBOX = YES;
				ENABLE_HARDENED_RUNTIME = YES;
				ENABLE_OUTGOING_NETWORK_CONNECTIONS = YES;
				ENABLE_USER_SELECTED_FILES = readonly;
				GENERATE_INFOPLIST_FILE = YES;
				INFOPLIST_FILE = "Angry Study Helper/Info.plist";
				INFOPLIST_KEY_CFBundleDisplayName = "Angry Study Helper";
				INFOPLIST_KEY_NSHumanReadableCopyright = "";
				INFOPLIST_KEY_NSMainStoryboardFile = Main;
				INFOPLIST_KEY_NSPrincipalClass = NSApplication;
				INFOPLIST_KEY_NSViewGestureRecognizerIsExclusive = NO;
				LD_RUNPATH_SEARCH_PATHS = (
					"$(inherited)",
					"@executable_path/../Frameworks",
				);
				MARKETING_VERSION = 1.0;
				OTHER_LDFLAGS = (
					"-framework",
					SafariServices,
					"-framework",
					WebKit,
				);
				PRODUCT_BUNDLE_IDENTIFIER = "com.angrystudyhelper.Angry-Study-Helper";
				PRODUCT_NAME = "$(TARGET_NAME)";
				REGISTER_APP_GROUPS = YES;
				STRING_CATALOG_GENERATE_SYMBOLS = YES;
				SWIFT_APPROACHABLE_CONCURRENCY = YES;
				SWIFT_DEFAULT_ACTOR_ISOLATION = MainActor;
				SWIFT_EMIT_LOC_STRINGS = YES;
				SWIFT_UPCOMING_FEATURE_MEMBER_IMPORT_VISIBILITY = YES;
				SWIFT_VERSION = 5.0;
			};
			name = Debug;
		};
		4DB5C87E30597D2C0051179F /* Release configuration for PBXNativeTarget "Angry Study Helper" */ = {
			isa = XCBuildConfiguration;
			buildSettings = {
				ASSETCATALOG_COMPILER_APPICON_NAME = AppIcon;
				ASSETCATALOG_COMPILER_GLOBAL_ACCENT_COLOR_NAME = AccentColor;
				CODE_SIGN_STYLE = Automatic;
				COMBINE_HIDPI_IMAGES = YES;
				CURRENT_PROJECT_VERSION = 1;
				ENABLE_APP_SANDBOX = YES;
				ENABLE_HARDENED_RUNTIME = YES;
				ENABLE_OUTGOING_NETWORK_CONNECTIONS = YES;
				ENABLE_USER_SELECTED_FILES = readonly;
				GENERATE_INFOPLIST_FILE = YES;
				INFOPLIST_FILE = "Angry Study Helper/Info.plist";
				INFOPLIST_KEY_CFBundleDisplayName = "Angry Study Helper";
				INFOPLIST_KEY_NSHumanReadableCopyright = "";
				INFOPLIST_KEY_NSMainStoryboardFile = Main;
				INFOPLIST_KEY_NSPrincipalClass = NSApplication;
				INFOPLIST_KEY_NSViewGestureRecognizerIsExclusive = NO;
				LD_RUNPATH_SEARCH_PATHS = (
					"$(inherited)",
					"@executable_path/../Frameworks",
				);
				MARKETING_VERSION = 1.0;
				OTHER_LDFLAGS = (
					"-framework",
					SafariServices,
					"-framework",
					WebKit,
				);
				PRODUCT_BUNDLE_IDENTIFIER = "com.angrystudyhelper.Angry-Study-Helper";
				PRODUCT_NAME = "$(TARGET_NAME)";
				REGISTER_APP_GROUPS = YES;
				STRING_CATALOG_GENERATE_SYMBOLS = YES;
				SWIFT_APPROACHABLE_CONCURRENCY = YES;
				SWIFT_DEFAULT_ACTOR_ISOLATION = MainActor;
				SWIFT_EMIT_LOC_STRINGS = YES;
				SWIFT_UPCOMING_FEATURE_MEMBER_IMPORT_VISIBILITY = YES;
				SWIFT_VERSION = 5.0;
			};
			name = Release;
		};
/* End XCBuildConfiguration section */

/* Begin XCConfigurationList section */
		4DB5C84E30597D2A0051179F /* Build configuration list for PBXProject "Angry Study Helper" */ = {
			isa = XCConfigurationList;
			buildConfigurations = (
				4DB5C87630597D2C0051179F /* Debug configuration for PBXProject "Angry Study Helper" */,
				4DB5C87730597D2C0051179F /* Release configuration for PBXProject "Angry Study Helper" */,
			);
			defaultConfigurationName = Release;
		};
		4DB5C87830597D2C0051179F /* Build configuration list for PBXNativeTarget "Angry Study Helper Extension" */ = {
			isa = XCConfigurationList;
			buildConfigurations = (
				4DB5C87930597D2C0051179F /* Debug configuration for PBXNativeTarget "Angry Study Helper Extension" */,
				4DB5C87A30597D2C0051179F /* Release configuration for PBXNativeTarget "Angry Study Helper Extension" */,
			);
			defaultConfigurationName = Release;
		};
		4DB5C87C30597D2C0051179F /* Build configuration list for PBXNativeTarget "Angry Study Helper" */ = {
			isa = XCConfigurationList;
			buildConfigurations = (
				4DB5C87D30597D2C0051179F /* Debug configuration for PBXNativeTarget "Angry Study Helper" */,
				4DB5C87E30597D2C0051179F /* Release configuration for PBXNativeTarget "Angry Study Helper" */,
			);
			defaultConfigurationName = Release;
		};
/* End XCConfigurationList section */
	};
	rootObject = 4DB5C84B30597D2A0051179F /* Project object */;
	validationLevel = 1;
}
