// !$*UTF8*$!
{
	archiveVersion = 1;
	classes = {
	};
	objectVersion = 110;
	objects = {

/* Begin PBXBuildFile section */
		4D50DD443059899500BDD99D /* AppDelegate.swift in Sources */ = {isa = PBXBuildFile; fileRef = 4D50DD433059899500BDD99D /* AppDelegate.swift */; };
		4D50DD483059899500BDD99D /* Main.html in Resources */ = {isa = PBXBuildFile; fileRef = 4D50DD463059899500BDD99D /* Main.html */; };
		4D50DD4A3059899500BDD99D /* Icon.png in Resources */ = {isa = PBXBuildFile; fileRef = 4D50DD493059899500BDD99D /* Icon.png */; };
		4D50DD4C3059899500BDD99D /* Style.css in Resources */ = {isa = PBXBuildFile; fileRef = 4D50DD4B3059899500BDD99D /* Style.css */; };
		4D50DD4E3059899500BDD99D /* Script.js in Resources */ = {isa = PBXBuildFile; fileRef = 4D50DD4D3059899500BDD99D /* Script.js */; };
		4D50DD503059899500BDD99D /* ViewController.swift in Sources */ = {isa = PBXBuildFile; fileRef = 4D50DD4F3059899500BDD99D /* ViewController.swift */; };
		4D50DD533059899500BDD99D /* Main.storyboard in Resources */ = {isa = PBXBuildFile; fileRef = 4D50DD513059899500BDD99D /* Main.storyboard */; };
		4D50DD553059899700BDD99D /* Assets.xcassets in Resources */ = {isa = PBXBuildFile; fileRef = 4D50DD543059899700BDD99D /* Assets.xcassets */; };
		4D50DD5C3059899700BDD99D /* Angry Study Helper Extension.appex in Embed Foundation Extensions */ = {isa = PBXBuildFile; fileRef = 4D50DD5B3059899700BDD99D /* Angry Study Helper Extension.appex */; settings = {ATTRIBUTES = (RemoveHeadersOnCopy, ); }; };
		4D50DD613059899700BDD99D /* SafariWebExtensionHandler.swift in Sources */ = {isa = PBXBuildFile; fileRef = 4D50DD603059899700BDD99D /* SafariWebExtensionHandler.swift */; };
		4D50DD763059899700BDD99D /* background in Resources */ = {isa = PBXBuildFile; fileRef = 4D50DD6D3059899700BDD99D /* background */; };
		4D50DD773059899700BDD99D /* settings in Resources */ = {isa = PBXBuildFile; fileRef = 4D50DD6E3059899700BDD99D /* settings */; };
		4D50DD783059899700BDD99D /* intervention in Resources */ = {isa = PBXBuildFile; fileRef = 4D50DD6F3059899700BDD99D /* intervention */; };
		4D50DD793059899700BDD99D /* popup in Resources */ = {isa = PBXBuildFile; fileRef = 4D50DD703059899700BDD99D /* popup */; };
		4D50DD7A3059899700BDD99D /* shared in Resources */ = {isa = PBXBuildFile; fileRef = 4D50DD713059899700BDD99D /* shared */; };
		4D50DD7B3059899700BDD99D /* browser in Resources */ = {isa = PBXBuildFile; fileRef = 4D50DD723059899700BDD99D /* browser */; };
		4D50DD7C3059899700BDD99D /* audio in Resources */ = {isa = PBXBuildFile; fileRef = 4D50DD733059899700BDD99D /* audio */; };
		4D50DD7D3059899700BDD99D /* icons in Resources */ = {isa = PBXBuildFile; fileRef = 4D50DD743059899700BDD99D /* icons */; };
		4D50DD7E3059899700BDD99D /* manifest.json in Resources */ = {isa = PBXBuildFile; fileRef = 4D50DD753059899700BDD99D /* manifest.json */; };
/* End PBXBuildFile section */

/* Begin PBXContainerItemProxy section */
		4D50DD5D3059899700BDD99D /* PBXContainerItemProxy */ = {
			isa = PBXContainerItemProxy;
			containerPortal = 4D50DD383059899500BDD99D /* Project object */;
			proxyType = 1;
			remoteGlobalIDString = 4D50DD5A3059899700BDD99D;
			remoteInfo = "Angry Study Helper Extension";
		};
/* End PBXContainerItemProxy section */

/* Begin PBXCopyFilesBuildPhase section */
		4D50DD683059899700BDD99D /* Embed Foundation Extensions */ = {
			isa = PBXCopyFilesBuildPhase;
			dstPath = "";
			dstSubfolder = PlugIns;
			files = (
				4D50DD5C3059899700BDD99D /* Angry Study Helper Extension.appex in Embed Foundation Extensions */,
			);
			name = "Embed Foundation Extensions";
		};
/* End PBXCopyFilesBuildPhase section */

/* Begin PBXFileReference section */
		4D50DD403059899500BDD99D /* Angry Study Helper.app */ = {isa = PBXFileReference; explicitFileType = wrapper.application; includeInIndex = 0; path = "Angry Study Helper.app"; sourceTree = BUILT_PRODUCTS_DIR; };
		4D50DD433059899500BDD99D /* AppDelegate.swift */ = {isa = PBXFileReference; lastKnownFileType = sourcecode.swift; path = AppDelegate.swift; sourceTree = "<group>"; };
		4D50DD473059899500BDD99D /* Base */ = {isa = PBXFileReference; lastKnownFileType = text.html; name = Base; path = Base.lproj/Main.html; sourceTree = "<group>"; };
		4D50DD493059899500BDD99D /* Icon.png */ = {isa = PBXFileReference; lastKnownFileType = image.png; path = Icon.png; sourceTree = "<group>"; };
		4D50DD4B3059899500BDD99D /* Style.css */ = {isa = PBXFileReference; lastKnownFileType = text.css; path = Style.css; sourceTree = "<group>"; };
		4D50DD4D3059899500BDD99D /* Script.js */ = {isa = PBXFileReference; lastKnownFileType = sourcecode.javascript; path = Script.js; sourceTree = "<group>"; };
		4D50DD4F3059899500BDD99D /* ViewController.swift */ = {isa = PBXFileReference; lastKnownFileType = sourcecode.swift; path = ViewController.swift; sourceTree = "<group>"; };
		4D50DD523059899500BDD99D /* Base */ = {isa = PBXFileReference; lastKnownFileType = file.storyboard; name = Base; path = Base.lproj/Main.storyboard; sourceTree = "<group>"; };
		4D50DD543059899700BDD99D /* Assets.xcassets */ = {isa = PBXFileReference; lastKnownFileType = folder.assetcatalog; path = Assets.xcassets; sourceTree = "<group>"; };
		4D50DD563059899700BDD99D /* Info.plist */ = {isa = PBXFileReference; lastKnownFileType = text.plist.xml; path = Info.plist; sourceTree = "<group>"; };
		4D50DD5B3059899700BDD99D /* Angry Study Helper Extension.appex */ = {isa = PBXFileReference; explicitFileType = "wrapper.app-extension"; includeInIndex = 0; path = "Angry Study Helper Extension.appex"; sourceTree = BUILT_PRODUCTS_DIR; };
		4D50DD603059899700BDD99D /* SafariWebExtensionHandler.swift */ = {isa = PBXFileReference; lastKnownFileType = sourcecode.swift; path = SafariWebExtensionHandler.swift; sourceTree = "<group>"; };
		4D50DD623059899700BDD99D /* Info.plist */ = {isa = PBXFileReference; lastKnownFileType = text.plist.xml; path = Info.plist; sourceTree = "<group>"; };
		4D50DD6D3059899700BDD99D /* background */ = {isa = PBXFileReference; lastKnownFileType = folder; name = background; path = Resources/background; sourceTree = "<group>"; };
		4D50DD6E3059899700BDD99D /* settings */ = {isa = PBXFileReference; lastKnownFileType = folder; name = settings; path = Resources/settings; sourceTree = "<group>"; };
		4D50DD6F3059899700BDD99D /* intervention */ = {isa = PBXFileReference; lastKnownFileType = folder; name = intervention; path = Resources/intervention; sourceTree = "<group>"; };
		4D50DD703059899700BDD99D /* popup */ = {isa = PBXFileReference; lastKnownFileType = folder; name = popup; path = Resources/popup; sourceTree = "<group>"; };
		4D50DD713059899700BDD99D /* shared */ = {isa = PBXFileReference; lastKnownFileType = folder; name = shared; path = Resources/shared; sourceTree = "<group>"; };
		4D50DD723059899700BDD99D /* browser */ = {isa = PBXFileReference; lastKnownFileType = folder; name = browser; path = Resources/browser; sourceTree = "<group>"; };
		4D50DD733059899700BDD99D /* audio */ = {isa = PBXFileReference; lastKnownFileType = folder; name = audio; path = Resources/audio; sourceTree = "<group>"; };
		4D50DD743059899700BDD99D /* icons */ = {isa = PBXFileReference; lastKnownFileType = folder; name = icons; path = Resources/icons; sourceTree = "<group>"; };
		4D50DD753059899700BDD99D /* manifest.json */ = {isa = PBXFileReference; lastKnownFileType = text.json; name = manifest.json; path = Resources/manifest.json; sourceTree = "<group>"; };
/* End PBXFileReference section */

/* Begin PBXFrameworksBuildPhase section */
		4D50DD3D3059899500BDD99D /* Frameworks */ = {
			isa = PBXFrameworksBuildPhase;
			files = (
			);
		};
		4D50DD583059899700BDD99D /* Frameworks */ = {
			isa = PBXFrameworksBuildPhase;
			files = (
			);
		};
/* End PBXFrameworksBuildPhase section */

/* Begin PBXGroup section */
		4D50DD373059899500BDD99D = {
			isa = PBXGroup;
			children = (
				4D50DD423059899500BDD99D /* Angry Study Helper */,
				4D50DD5F3059899700BDD99D /* Angry Study Helper Extension */,
				4D50DD413059899500BDD99D /* Products */,
			);
			sourceTree = "<group>";
		};
		4D50DD413059899500BDD99D /* Products */ = {
			isa = PBXGroup;
			children = (
				4D50DD403059899500BDD99D /* Angry Study Helper.app */,
				4D50DD5B3059899700BDD99D /* Angry Study Helper Extension.appex */,
			);
			name = Products;
			sourceTree = "<group>";
		};
		4D50DD423059899500BDD99D /* Angry Study Helper */ = {
			isa = PBXGroup;
			children = (
				4D50DD433059899500BDD99D /* AppDelegate.swift */,
				4D50DD4F3059899500BDD99D /* ViewController.swift */,
				4D50DD513059899500BDD99D /* Main.storyboard */,
				4D50DD543059899700BDD99D /* Assets.xcassets */,
				4D50DD563059899700BDD99D /* Info.plist */,
				4D50DD453059899500BDD99D /* Resources */,
			);
			path = "Angry Study Helper";
			sourceTree = "<group>";
		};
		4D50DD453059899500BDD99D /* Resources */ = {
			isa = PBXGroup;
			children = (
				4D50DD463059899500BDD99D /* Main.html */,
				4D50DD493059899500BDD99D /* Icon.png */,
				4D50DD4B3059899500BDD99D /* Style.css */,
				4D50DD4D3059899500BDD99D /* Script.js */,
			);
			path = Resources;
			sourceTree = "<group>";
		};
		4D50DD5F3059899700BDD99D /* Angry Study Helper Extension */ = {
			isa = PBXGroup;
			children = (
				4D50DD6C3059899700BDD99D /* Resources */,
				4D50DD603059899700BDD99D /* SafariWebExtensionHandler.swift */,
				4D50DD623059899700BDD99D /* Info.plist */,
			);
			path = "Angry Study Helper Extension";
			sourceTree = "<group>";
		};
		4D50DD6C3059899700BDD99D /* Resources */ = {
			isa = PBXGroup;
			children = (
				4D50DD6D3059899700BDD99D /* background */,
				4D50DD6E3059899700BDD99D /* settings */,
				4D50DD6F3059899700BDD99D /* intervention */,
				4D50DD703059899700BDD99D /* popup */,
				4D50DD713059899700BDD99D /* shared */,
				4D50DD723059899700BDD99D /* browser */,
				4D50DD733059899700BDD99D /* audio */,
				4D50DD743059899700BDD99D /* icons */,
				4D50DD753059899700BDD99D /* manifest.json */,
			);
			name = Resources;
			path = "Angry Study Helper Extension";
			sourceTree = SOURCE_ROOT;
		};
/* End PBXGroup section */

/* Begin PBXNativeTarget section */
		4D50DD3F3059899500BDD99D /* Angry Study Helper */ = {
			isa = PBXNativeTarget;
			buildConfigurationList = 4D50DD693059899700BDD99D /* Build configuration list for PBXNativeTarget "Angry Study Helper" */;
			buildPhases = (
				4D50DD3C3059899500BDD99D /* Sources */,
				4D50DD3D3059899500BDD99D /* Frameworks */,
				4D50DD3E3059899500BDD99D /* Resources */,
				4D50DD683059899700BDD99D /* Embed Foundation Extensions */,
			);
			buildRules = (
			);
			dependencies = (
				4D50DD5E3059899700BDD99D /* PBXTargetDependency */,
			);
			name = "Angry Study Helper";
			productName = "Angry Study Helper";
			productReference = 4D50DD403059899500BDD99D /* Angry Study Helper.app */;
			productType = "com.apple.product-type.application";
		};
		4D50DD5A3059899700BDD99D /* Angry Study Helper Extension */ = {
			isa = PBXNativeTarget;
			buildConfigurationList = 4D50DD653059899700BDD99D /* Build configuration list for PBXNativeTarget "Angry Study Helper Extension" */;
			buildPhases = (
				4D50DD573059899700BDD99D /* Sources */,
				4D50DD583059899700BDD99D /* Frameworks */,
				4D50DD593059899700BDD99D /* Resources */,
			);
			buildRules = (
			);
			name = "Angry Study Helper Extension";
			productName = "Angry Study Helper Extension";
			productReference = 4D50DD5B3059899700BDD99D /* Angry Study Helper Extension.appex */;
			productType = "com.apple.product-type.app-extension";
		};
/* End PBXNativeTarget section */

/* Begin PBXProject section */
		4D50DD383059899500BDD99D /* Project object */ = {
			isa = PBXProject;
			attributes = {
				BuildIndependentTargetsInParallel = 1;
				LastSwiftUpdateCheck = 2700;
				LastUpgradeCheck = 2700;
				TargetAttributes = {
					4D50DD3F3059899500BDD99D = {
						CreatedOnToolsVersion = 27.0;
					};
					4D50DD5A3059899700BDD99D = {
						CreatedOnToolsVersion = 27.0;
					};
				};
			};
			buildConfigurationList = 4D50DD3B3059899500BDD99D /* Build configuration list for PBXProject "Angry Study Helper" */;
			developmentRegion = en;
			hasScannedForEncodings = 0;
			knownRegions = (
				en,
				Base,
			);
			mainGroup = 4D50DD373059899500BDD99D;
			minimizedProjectReferenceProxies = 1;
			preferredProjectObjectVersion = 77;
			productRefGroup = 4D50DD413059899500BDD99D /* Products */;
			projectDirPath = "";
			projectRoot = "";
			targets = (
				4D50DD3F3059899500BDD99D /* Angry Study Helper */,
				4D50DD5A3059899700BDD99D /* Angry Study Helper Extension */,
			);
		};
/* End PBXProject section */

/* Begin PBXResourcesBuildPhase section */
		4D50DD3E3059899500BDD99D /* Resources */ = {
			isa = PBXResourcesBuildPhase;
			files = (
				4D50DD4A3059899500BDD99D /* Icon.png in Resources */,
				4D50DD533059899500BDD99D /* Main.storyboard in Resources */,
				4D50DD4E3059899500BDD99D /* Script.js in Resources */,
				4D50DD483059899500BDD99D /* Main.html in Resources */,
				4D50DD553059899700BDD99D /* Assets.xcassets in Resources */,
				4D50DD4C3059899500BDD99D /* Style.css in Resources */,
			);
		};
		4D50DD593059899700BDD99D /* Resources */ = {
			isa = PBXResourcesBuildPhase;
			files = (
				4D50DD7A3059899700BDD99D /* shared in Resources */,
				4D50DD7D3059899700BDD99D /* icons in Resources */,
				4D50DD763059899700BDD99D /* background in Resources */,
				4D50DD7C3059899700BDD99D /* audio in Resources */,
				4D50DD7E3059899700BDD99D /* manifest.json in Resources */,
				4D50DD793059899700BDD99D /* popup in Resources */,
				4D50DD7B3059899700BDD99D /* browser in Resources */,
				4D50DD773059899700BDD99D /* settings in Resources */,
				4D50DD783059899700BDD99D /* intervention in Resources */,
			);
		};
/* End PBXResourcesBuildPhase section */

/* Begin PBXSourcesBuildPhase section */
		4D50DD3C3059899500BDD99D /* Sources */ = {
			isa = PBXSourcesBuildPhase;
			files = (
				4D50DD503059899500BDD99D /* ViewController.swift in Sources */,
				4D50DD443059899500BDD99D /* AppDelegate.swift in Sources */,
			);
		};
		4D50DD573059899700BDD99D /* Sources */ = {
			isa = PBXSourcesBuildPhase;
			files = (
				4D50DD613059899700BDD99D /* SafariWebExtensionHandler.swift in Sources */,
			);
		};
/* End PBXSourcesBuildPhase section */

/* Begin PBXTargetDependency section */
		4D50DD5E3059899700BDD99D /* PBXTargetDependency */ = {
			isa = PBXTargetDependency;
			target = 4D50DD5A3059899700BDD99D /* Angry Study Helper Extension */;
			targetProxy = 4D50DD5D3059899700BDD99D /* PBXContainerItemProxy */;
		};
/* End PBXTargetDependency section */

/* Begin PBXVariantGroup section */
		4D50DD463059899500BDD99D /* Main.html */ = {
			isa = PBXVariantGroup;
			children = (
				4D50DD473059899500BDD99D /* Base */,
			);
			name = Main.html;
			sourceTree = "<group>";
		};
		4D50DD513059899500BDD99D /* Main.storyboard */ = {
			isa = PBXVariantGroup;
			children = (
				4D50DD523059899500BDD99D /* Base */,
			);
			name = Main.storyboard;
			sourceTree = "<group>";
		};
/* End PBXVariantGroup section */

/* Begin XCBuildConfiguration section */
		4D50DD633059899700BDD99D /* Debug configuration for PBXProject "Angry Study Helper" */ = {
			isa = XCBuildConfiguration;
			buildSettings = {
				ALWAYS_SEARCH_USER_PATHS = NO;
				ASSETCATALOG_COMPILER_GENERATE_SWIFT_ASSET_SYMBOL_EXTENSIONS = YES;
				CLANG_ANALYZER_NONNULL = YES;
				CLANG_ANALYZER_NUMBER_OBJECT_CONVERSION = YES_AGGRESSIVE;
				CLANG_CXX_LANGUAGE_STANDARD = "gnu++20";
				CLANG_ENABLE_MODULES = YES;
				CLANG_ENABLE_OBJC_ARC = YES;
				CLANG_ENABLE_OBJC_WEAK = YES;
				CLANG_WARN_BLOCK_CAPTURE_AUTORELEASING = YES;
				CLANG_WARN_BOOL_CONVERSION = YES;
				CLANG_WARN_COMMA = YES;
				CLANG_WARN_CONSTANT_CONVERSION = YES;
				CLANG_WARN_DEPRECATED_OBJC_IMPLEMENTATIONS = YES;
				CLANG_WARN_DIRECT_OBJC_ISA_USAGE = YES_ERROR;
				CLANG_WARN_DOCUMENTATION_COMMENTS = YES;
				CLANG_WARN_EMPTY_BODY = YES;
				CLANG_WARN_ENUM_CONVERSION = YES;
				CLANG_WARN_INFINITE_RECURSION = YES;
				CLANG_WARN_INT_CONVERSION = YES;
				CLANG_WARN_NON_LITERAL_NULL_CONVERSION = YES;
				CLANG_WARN_OBJC_IMPLICIT_RETAIN_SELF = YES;
				CLANG_WARN_OBJC_LITERAL_CONVERSION = YES;
				CLANG_WARN_OBJC_ROOT_CLASS = YES_ERROR;
				CLANG_WARN_QUOTED_INCLUDE_IN_FRAMEWORK_HEADER = YES;
				CLANG_WARN_RANGE_LOOP_ANALYSIS = YES;
				CLANG_WARN_STRICT_PROTOTYPES = YES;
				CLANG_WARN_SUSPICIOUS_MOVE = YES;
				CLANG_WARN_UNGUARDED_AVAILABILITY = YES_AGGRESSIVE;
				CLANG_WARN_UNREACHABLE_CODE = YES;
				CLANG_WARN__DUPLICATE_METHOD_MATCH = YES;
				COPY_PHASE_STRIP = NO;
				DEBUG_INFORMATION_FORMAT = dwarf;
				ENABLE_STRICT_OBJC_MSGSEND = YES;
				ENABLE_TESTABILITY = YES;
				ENABLE_USER_SCRIPT_SANDBOXING = YES;
				GCC_C_LANGUAGE_STANDARD = gnu17;
				GCC_DYNAMIC_NO_PIC = NO;
				GCC_NO_COMMON_BLOCKS = YES;
				GCC_OPTIMIZATION_LEVEL = 0;
				GCC_PREPROCESSOR_DEFINITIONS = (
					"DEBUG=1",
					"$(inherited)",
				);
				GCC_WARN_64_TO_32_BIT_CONVERSION = YES;
				GCC_WARN_ABOUT_RETURN_TYPE = YES_ERROR;
				GCC_WARN_UNDECLARED_SELECTOR = YES;
				GCC_WARN_UNINITIALIZED_AUTOS = YES_AGGRESSIVE;
				GCC_WARN_UNUSED_FUNCTION = YES;
				GCC_WARN_UNUSED_VARIABLE = YES;
				LOCALIZATION_PREFERS_STRING_CATALOGS = YES;
				MACOSX_DEPLOYMENT_TARGET = 26.6;
				MTL_ENABLE_DEBUG_INFO = INCLUDE_SOURCE;
				MTL_FAST_MATH = YES;
				ONLY_ACTIVE_ARCH = YES;
				SDKROOT = macosx;
				SWIFT_ACTIVE_COMPILATION_CONDITIONS = "DEBUG $(inherited)";
				SWIFT_OPTIMIZATION_LEVEL = "-Onone";
			};
			name = Debug;
		};
		4D50DD643059899700BDD99D /* Release configuration for PBXProject "Angry Study Helper" */ = {
			isa = XCBuildConfiguration;
			buildSettings = {
				ALWAYS_SEARCH_USER_PATHS = NO;
				ASSETCATALOG_COMPILER_GENERATE_SWIFT_ASSET_SYMBOL_EXTENSIONS = YES;
				CLANG_ANALYZER_NONNULL = YES;
				CLANG_ANALYZER_NUMBER_OBJECT_CONVERSION = YES_AGGRESSIVE;
				CLANG_CXX_LANGUAGE_STANDARD = "gnu++20";
				CLANG_ENABLE_MODULES = YES;
				CLANG_ENABLE_OBJC_ARC = YES;
				CLANG_ENABLE_OBJC_WEAK = YES;
				CLANG_WARN_BLOCK_CAPTURE_AUTORELEASING = YES;
				CLANG_WARN_BOOL_CONVERSION = YES;
				CLANG_WARN_COMMA = YES;
				CLANG_WARN_CONSTANT_CONVERSION = YES;
				CLANG_WARN_DEPRECATED_OBJC_IMPLEMENTATIONS = YES;
				CLANG_WARN_DIRECT_OBJC_ISA_USAGE = YES_ERROR;
				CLANG_WARN_DOCUMENTATION_COMMENTS = YES;
				CLANG_WARN_EMPTY_BODY = YES;
				CLANG_WARN_ENUM_CONVERSION = YES;
				CLANG_WARN_INFINITE_RECURSION = YES;
				CLANG_WARN_INT_CONVERSION = YES;
				CLANG_WARN_NON_LITERAL_NULL_CONVERSION = YES;
				CLANG_WARN_OBJC_IMPLICIT_RETAIN_SELF = YES;
				CLANG_WARN_OBJC_LITERAL_CONVERSION = YES;
				CLANG_WARN_OBJC_ROOT_CLASS = YES_ERROR;
				CLANG_WARN_QUOTED_INCLUDE_IN_FRAMEWORK_HEADER = YES;
				CLANG_WARN_RANGE_LOOP_ANALYSIS = YES;
				CLANG_WARN_STRICT_PROTOTYPES = YES;
				CLANG_WARN_SUSPICIOUS_MOVE = YES;
				CLANG_WARN_UNGUARDED_AVAILABILITY = YES_AGGRESSIVE;
				CLANG_WARN_UNREACHABLE_CODE = YES;
				CLANG_WARN__DUPLICATE_METHOD_MATCH = YES;
				COPY_PHASE_STRIP = NO;
				DEBUG_INFORMATION_FORMAT = "dwarf-with-dsym";
				ENABLE_NS_ASSERTIONS = NO;
				ENABLE_STRICT_OBJC_MSGSEND = YES;
				ENABLE_USER_SCRIPT_SANDBOXING = YES;
				GCC_C_LANGUAGE_STANDARD = gnu17;
				GCC_NO_COMMON_BLOCKS = YES;
				GCC_WARN_64_TO_32_BIT_CONVERSION = YES;
				GCC_WARN_ABOUT_RETURN_TYPE = YES_ERROR;
				GCC_WARN_UNDECLARED_SELECTOR = YES;
				GCC_WARN_UNINITIALIZED_AUTOS = YES_AGGRESSIVE;
				GCC_WARN_UNUSED_FUNCTION = YES;
				GCC_WARN_UNUSED_VARIABLE = YES;
				LOCALIZATION_PREFERS_STRING_CATALOGS = YES;
				MACOSX_DEPLOYMENT_TARGET = 26.6;
				MTL_ENABLE_DEBUG_INFO = NO;
				MTL_FAST_MATH = YES;
				SDKROOT = macosx;
				SWIFT_COMPILATION_MODE = wholemodule;
			};
			name = Release;
		};
		4D50DD663059899700BDD99D /* Debug configuration for PBXNativeTarget "Angry Study Helper Extension" */ = {
			isa = XCBuildConfiguration;
			buildSettings = {
				CODE_SIGN_STYLE = Automatic;
				CURRENT_PROJECT_VERSION = 1;
				ENABLE_APP_SANDBOX = YES;
				ENABLE_HARDENED_RUNTIME = YES;
				ENABLE_USER_SELECTED_FILES = readonly;
				GENERATE_INFOPLIST_FILE = YES;
				INFOPLIST_FILE = "Angry Study Helper Extension/Info.plist";
				INFOPLIST_KEY_CFBundleDisplayName = "Angry Study Helper Extension";
				INFOPLIST_KEY_NSHumanReadableCopyright = "";
				LD_RUNPATH_SEARCH_PATHS = (
					"$(inherited)",
					"@executable_path/../Frameworks",
					"@executable_path/../../../../Frameworks",
				);
				MACOSX_DEPLOYMENT_TARGET = 12.0;
				MARKETING_VERSION = 1.0;
				OTHER_LDFLAGS = (
					"-framework",
					SafariServices,
				);
				PRODUCT_BUNDLE_IDENTIFIER = "com.angrystudyhelper.Angry-Study-Helper.Extension";
				PRODUCT_NAME = "$(TARGET_NAME)";
				SKIP_INSTALL = YES;
				STRING_CATALOG_GENERATE_SYMBOLS = YES;
				SWIFT_APPROACHABLE_CONCURRENCY = YES;
				SWIFT_EMIT_LOC_STRINGS = YES;
				SWIFT_UPCOMING_FEATURE_MEMBER_IMPORT_VISIBILITY = YES;
				SWIFT_VERSION = 5.0;
			};
			name = Debug;
		};
		4D50DD673059899700BDD99D /* Release configuration for PBXNativeTarget "Angry Study Helper Extension" */ = {
			isa = XCBuildConfiguration;
			buildSettings = {
				CODE_SIGN_STYLE = Automatic;
				CURRENT_PROJECT_VERSION = 1;
				ENABLE_APP_SANDBOX = YES;
				ENABLE_HARDENED_RUNTIME = YES;
				ENABLE_USER_SELECTED_FILES = readonly;
				GENERATE_INFOPLIST_FILE = YES;
				INFOPLIST_FILE = "Angry Study Helper Extension/Info.plist";
				INFOPLIST_KEY_CFBundleDisplayName = "Angry Study Helper Extension";
				INFOPLIST_KEY_NSHumanReadableCopyright = "";
				LD_RUNPATH_SEARCH_PATHS = (
					"$(inherited)",
					"@executable_path/../Frameworks",
					"@executable_path/../../../../Frameworks",
				);
				MACOSX_DEPLOYMENT_TARGET = 12.0;
				MARKETING_VERSION = 1.0;
				OTHER_LDFLAGS = (
					"-framework",
					SafariServices,
				);
				PRODUCT_BUNDLE_IDENTIFIER = "com.angrystudyhelper.Angry-Study-Helper.Extension";
				PRODUCT_NAME = "$(TARGET_NAME)";
				SKIP_INSTALL = YES;
				STRING_CATALOG_GENERATE_SYMBOLS = YES;
				SWIFT_APPROACHABLE_CONCURRENCY = YES;
				SWIFT_EMIT_LOC_STRINGS = YES;
				SWIFT_UPCOMING_FEATURE_MEMBER_IMPORT_VISIBILITY = YES;
				SWIFT_VERSION = 5.0;
			};
			name = Release;
		};
		4D50DD6A3059899700BDD99D /* Debug configuration for PBXNativeTarget "Angry Study Helper" */ = {
			isa = XCBuildConfiguration;
			buildSettings = {
				ASSETCATALOG_COMPILER_APPICON_NAME = AppIcon;
				ASSETCATALOG_COMPILER_GLOBAL_ACCENT_COLOR_NAME = AccentColor;
				CODE_SIGN_STYLE = Automatic;
				COMBINE_HIDPI_IMAGES = YES;
				CURRENT_PROJECT_VERSION = 1;
				ENABLE_APP_SANDBOX = YES;
				ENABLE_HARDENED_RUNTIME = YES;
				ENABLE_OUTGOING_NETWORK_CONNECTIONS = YES;
				ENABLE_USER_SELECTED_FILES = readonly;
				GENERATE_INFOPLIST_FILE = YES;
				INFOPLIST_FILE = "Angry Study Helper/Info.plist";
				INFOPLIST_KEY_CFBundleDisplayName = "Angry Study Helper";
				INFOPLIST_KEY_NSHumanReadableCopyright = "";
				INFOPLIST_KEY_NSMainStoryboardFile = Main;
				INFOPLIST_KEY_NSPrincipalClass = NSApplication;
				INFOPLIST_KEY_NSViewGestureRecognizerIsExclusive = NO;
				LD_RUNPATH_SEARCH_PATHS = (
					"$(inherited)",
					"@executable_path/../Frameworks",
				);
				MARKETING_VERSION = 1.0;
				OTHER_LDFLAGS = (
					"-framework",
					SafariServices,
					"-framework",
					WebKit,
				);
				PRODUCT_BUNDLE_IDENTIFIER = "com.angrystudyhelper.Angry-Study-Helper";
				PRODUCT_NAME = "$(TARGET_NAME)";
				REGISTER_APP_GROUPS = YES;
				STRING_CATALOG_GENERATE_SYMBOLS = YES;
				SWIFT_APPROACHABLE_CONCURRENCY = YES;
				SWIFT_DEFAULT_ACTOR_ISOLATION = MainActor;
				SWIFT_EMIT_LOC_STRINGS = YES;
				SWIFT_UPCOMING_FEATURE_MEMBER_IMPORT_VISIBILITY = YES;
				SWIFT_VERSION = 5.0;
			};
			name = Debug;
		};
		4D50DD6B3059899700BDD99D /* Release configuration for PBXNativeTarget "Angry Study Helper" */ = {
			isa = XCBuildConfiguration;
			buildSettings = {
				ASSETCATALOG_COMPILER_APPICON_NAME = AppIcon;
				ASSETCATALOG_COMPILER_GLOBAL_ACCENT_COLOR_NAME = AccentColor;
				CODE_SIGN_STYLE = Automatic;
				COMBINE_HIDPI_IMAGES = YES;
				CURRENT_PROJECT_VERSION = 1;
				ENABLE_APP_SANDBOX = YES;
				ENABLE_HARDENED_RUNTIME = YES;
				ENABLE_OUTGOING_NETWORK_CONNECTIONS = YES;
				ENABLE_USER_SELECTED_FILES = readonly;
				GENERATE_INFOPLIST_FILE = YES;
				INFOPLIST_FILE = "Angry Study Helper/Info.plist";
				INFOPLIST_KEY_CFBundleDisplayName = "Angry Study Helper";
				INFOPLIST_KEY_NSHumanReadableCopyright = "";
				INFOPLIST_KEY_NSMainStoryboardFile = Main;
				INFOPLIST_KEY_NSPrincipalClass = NSApplication;
				INFOPLIST_KEY_NSViewGestureRecognizerIsExclusive = NO;
				LD_RUNPATH_SEARCH_PATHS = (
					"$(inherited)",
					"@executable_path/../Frameworks",
				);
				MARKETING_VERSION = 1.0;
				OTHER_LDFLAGS = (
					"-framework",
					SafariServices,
					"-framework",
					WebKit,
				);
				PRODUCT_BUNDLE_IDENTIFIER = "com.angrystudyhelper.Angry-Study-Helper";
				PRODUCT_NAME = "$(TARGET_NAME)";
				REGISTER_APP_GROUPS = YES;
				STRING_CATALOG_GENERATE_SYMBOLS = YES;
				SWIFT_APPROACHABLE_CONCURRENCY = YES;
				SWIFT_DEFAULT_ACTOR_ISOLATION = MainActor;
				SWIFT_EMIT_LOC_STRINGS = YES;
				SWIFT_UPCOMING_FEATURE_MEMBER_IMPORT_VISIBILITY = YES;
				SWIFT_VERSION = 5.0;
			};
			name = Release;
		};
/* End XCBuildConfiguration section */

/* Begin XCConfigurationList section */
		4D50DD3B3059899500BDD99D /* Build configuration list for PBXProject "Angry Study Helper" */ = {
			isa = XCConfigurationList;
			buildConfigurations = (
				4D50DD633059899700BDD99D /* Debug configuration for PBXProject "Angry Study Helper" */,
				4D50DD643059899700BDD99D /* Release configuration for PBXProject "Angry Study Helper" */,
			);
			defaultConfigurationName = Release;
		};
		4D50DD653059899700BDD99D /* Build configuration list for PBXNativeTarget "Angry Study Helper Extension" */ = {
			isa = XCConfigurationList;
			buildConfigurations = (
				4D50DD663059899700BDD99D /* Debug configuration for PBXNativeTarget "Angry Study Helper Extension" */,
				4D50DD673059899700BDD99D /* Release configuration for PBXNativeTarget "Angry Study Helper Extension" */,
			);
			defaultConfigurationName = Release;
		};
		4D50DD693059899700BDD99D /* Build configuration list for PBXNativeTarget "Angry Study Helper" */ = {
			isa = XCConfigurationList;
			buildConfigurations = (
				4D50DD6A3059899700BDD99D /* Debug configuration for PBXNativeTarget "Angry Study Helper" */,
				4D50DD6B3059899700BDD99D /* Release configuration for PBXNativeTarget "Angry Study Helper" */,
			);
			defaultConfigurationName = Release;
		};
/* End XCConfigurationList section */
	};
	rootObject = 4D50DD383059899500BDD99D /* Project object */;
	validationLevel = 1;
}
